
Microsoft Visual Studio Solution File, Format Version 12.00
# Visual Studio Version 17
VisualStudioVersion = 17.6.33829.357
MinimumVisualStudioVersion = 10.0.40219.1
Project("{2150E333-8FDC-42A3-9474-1A3956D46DE8}") = "src", "src", "{AB85BA0B-3505-464D-929D-DA502694BCD9}"
EndProject
Project("{2150E333-8FDC-42A3-9474-1A3956D46DE8}") = "Core", "Core", "{FAAB8FC7-C054-4CD0-82E5-9E4DAFB29615}"
EndProject
Project("{9A19103F-16F7-4668-BE54-9A1E7A4F7556}") = "Domain", "Domain\Domain.csproj", "{EE465F3C-8245-4DC3-AB26-37EA5F15E8A5}"
EndProject
Project("{9A19103F-16F7-4668-BE54-9A1E7A4F7556}") = "Application", "Application\Application.csproj", "{877E2567-28A2-42D6-A7FF-1B3008EDB038}"
EndProject
Project("{9A19103F-16F7-4668-BE54-9A1E7A4F7556}") = "Infrastructure", "Infrastructure\Infrastructure.csproj", "{16D61371-7B49-401B-A694-B2D0B119D352}"
EndProject
Project("{9A19103F-16F7-4668-BE54-9A1E7A4F7556}") = "WebApi", "WebApi\WebApi.csproj", "{CB88A056-7428-47E8-A071-97E8205C2BEF}"
EndProject
Project("{9A19103F-16F7-4668-BE54-9A1E7A4F7556}") = "Common", "Common\Common.csproj", "{357EA65B-F093-46DE-AA4C-2033F7C2D8D5}"
EndProject
Project("{2150E333-8FDC-42A3-9474-1A3956D46DE8}") = "ui", "ui", "{32F741AA-64D3-4289-B1D0-163D41A02D99}"
EndProject
Project("{9A19103F-16F7-4668-BE54-9A1E7A4F7556}") = "BankApp", "BankApp\BankApp.csproj", "{3EB1A68E-CE70-485D-ABED-EDEE157D54D4}"
EndProject
Project("{9A19103F-16F7-4668-BE54-9A1E7A4F7556}") = "Client.Infrastructure", "Client.Infrastructure\Client.Infrastructure.csproj", "{5C64F5D2-061F-49CF-960F-B5AAD9249815}"
EndProject
Global
	GlobalSection(SolutionConfigurationPlatforms) = preSolution
		Debug|Any CPU = Debug|Any CPU
		Release|Any CPU = Release|Any CPU
	EndGlobalSection
	GlobalSection(ProjectConfigurationPlatforms) = postSolution
		{EE465F3C-8245-4DC3-AB26-37EA5F15E8A5}.Debug|Any CPU.ActiveCfg = Debug|Any CPU
		{EE465F3C-8245-4DC3-AB26-37EA5F15E8A5}.Debug|Any CPU.Build.0 = Debug|Any CPU
		{EE465F3C-8245-4DC3-AB26-37EA5F15E8A5}.Release|Any CPU.ActiveCfg = Release|Any CPU
		{EE465F3C-8245-4DC3-AB26-37EA5F15E8A5}.Release|Any CPU.Build.0 = Release|Any CPU
		{877E2567-28A2-42D6-A7FF-1B3008EDB038}.Debug|Any CPU.ActiveCfg = Debug|Any CPU
		{877E2567-28A2-42D6-A7FF-1B3008EDB038}.Debug|Any CPU.Build.0 = Debug|Any CPU
		{877E2567-28A2-42D6-A7FF-1B3008EDB038}.Release|Any CPU.ActiveCfg = Release|Any CPU
		{877E2567-28A2-42D6-A7FF-1B3008EDB038}.Release|Any CPU.Build.0 = Release|Any CPU
		{16D61371-7B49-401B-A694-B2D0B119D352}.Debug|Any CPU.ActiveCfg = Debug|Any CPU
		{16D61371-7B49-401B-A694-B2D0B119D352}.Debug|Any CPU.Build.0 = Debug|Any CPU
		{16D61371-7B49-401B-A694-B2D0B119D352}.Release|Any CPU.ActiveCfg = Release|Any CPU
		{16D61371-7B49-401B-A694-B2D0B119D352}.Release|Any CPU.Build.0 = Release|Any CPU
		{CB88A056-7428-47E8-A071-97E8205C2BEF}.Debug|Any CPU.ActiveCfg = Debug|Any CPU
		{CB88A056-7428-47E8-A071-97E8205C2BEF}.Debug|Any CPU.Build.0 = Debug|Any CPU
		{CB88A056-7428-47E8-A071-97E8205C2BEF}.Release|Any CPU.ActiveCfg = Release|Any CPU
		{CB88A056-7428-47E8-A071-97E8205C2BEF}.Release|Any CPU.Build.0 = Release|Any CPU
		{357EA65B-F093-46DE-AA4C-2033F7C2D8D5}.Debug|Any CPU.ActiveCfg = Debug|Any CPU
		{357EA65B-F093-46DE-AA4C-2033F7C2D8D5}.Debug|Any CPU.Build.0 = Debug|Any CPU
		{357EA65B-F093-46DE-AA4C-2033F7C2D8D5}.Release|Any CPU.ActiveCfg = Release|Any CPU
		{357EA65B-F093-46DE-AA4C-2033F7C2D8D5}.Release|Any CPU.Build.0 = Release|Any CPU
		{3EB1A68E-CE70-485D-ABED-EDEE157D54D4}.Debug|Any CPU.ActiveCfg = Debug|Any CPU
		{3EB1A68E-CE70-485D-ABED-EDEE157D54D4}.Debug|Any CPU.Build.0 = Debug|Any CPU
		{3EB1A68E-CE70-485D-ABED-EDEE157D54D4}.Release|Any CPU.ActiveCfg = Release|Any CPU
		{3EB1A68E-CE70-485D-ABED-EDEE157D54D4}.Release|Any CPU.Build.0 = Release|Any CPU
		{5C64F5D2-061F-49CF-960F-B5AAD9249815}.Debug|Any CPU.ActiveCfg = Debug|Any CPU
		{5C64F5D2-061F-49CF-960F-B5AAD9249815}.Debug|Any CPU.Build.0 = Debug|Any CPU
		{5C64F5D2-061F-49CF-960F-B5AAD9249815}.Release|Any CPU.ActiveCfg = Release|Any CPU
		{5C64F5D2-061F-49CF-960F-B5AAD9249815}.Release|Any CPU.Build.0 = Release|Any CPU
	EndGlobalSection
	GlobalSection(SolutionProperties) = preSolution
		HideSolutionNode = FALSE
	EndGlobalSection
	GlobalSection(NestedProjects) = preSolution
		{FAAB8FC7-C054-4CD0-82E5-9E4DAFB29615} = {AB85BA0B-3505-464D-929D-DA502694BCD9}
		{EE465F3C-8245-4DC3-AB26-37EA5F15E8A5} = {FAAB8FC7-C054-4CD0-82E5-9E4DAFB29615}
		{877E2567-28A2-42D6-A7FF-1B3008EDB038} = {FAAB8FC7-C054-4CD0-82E5-9E4DAFB29615}
		{16D61371-7B49-401B-A694-B2D0B119D352} = {AB85BA0B-3505-464D-929D-DA502694BCD9}
		{CB88A056-7428-47E8-A071-97E8205C2BEF} = {AB85BA0B-3505-464D-929D-DA502694BCD9}
		{357EA65B-F093-46DE-AA4C-2033F7C2D8D5} = {AB85BA0B-3505-464D-929D-DA502694BCD9}
		{32F741AA-64D3-4289-B1D0-163D41A02D99} = {AB85BA0B-3505-464D-929D-DA502694BCD9}
		{3EB1A68E-CE70-485D-ABED-EDEE157D54D4} = {32F741AA-64D3-4289-B1D0-163D41A02D99}
		{5C64F5D2-061F-49CF-960F-B5AAD9249815} = {32F741AA-64D3-4289-B1D0-163D41A02D99}
	EndGlobalSection
	GlobalSection(ExtensibilityGlobals) = postSolution
		SolutionGuid = {159E44F9-3864-4283-8825-7E0F7FA7811E}
	EndGlobalSection
EndGlobal
